
Microsoft Visual Studio Solution File, Format Version 12.00
# Visual Studio Version 17
VisualStudioVersion = 17.4.33122.133
MinimumVisualStudioVersion = 10.0.40219.1
Project("{FAE04EC0-301F-11D3-BF4B-00C04F79EFBC}") = "8 дз", "8 дз\8 дз.csproj", "{2DED70AB-C3B5-4F10-A16B-2DDE464065CC}"
EndProject
Global
	GlobalSection(SolutionConfigurationPlatforms) = preSolution
		Debug|Any CPU = Debug|Any CPU
		Release|Any CPU = Release|Any CPU
	EndGlobalSection
	GlobalSection(ProjectConfigurationPlatforms) = postSolution
		{2DED70AB-C3B5-4F10-A16B-2DDE464065CC}.Debug|Any CPU.ActiveCfg = Debug|Any CPU
		{2DED70AB-C3B5-4F10-A16B-2DDE464065CC}.Debug|Any CPU.Build.0 = Debug|Any CPU
		{2DED70AB-C3B5-4F10-A16B-2DDE464065CC}.Release|Any CPU.ActiveCfg = Release|Any CPU
		{2DED70AB-C3B5-4F10-A16B-2DDE464065CC}.Release|Any CPU.Build.0 = Release|Any CPU
	EndGlobalSection
	GlobalSection(SolutionProperties) = preSolution
		HideSolutionNode = FALSE
	EndGlobalSection
	GlobalSection(ExtensibilityGlobals) = postSolution
		SolutionGuid = {4D6643F2-D9CE-4363-858B-7634AF1E9293}
	EndGlobalSection
EndGlobal
